
Microsoft Visual Studio Solution File, Format Version 12.00
# Visual Studio Version 17
VisualStudioVersion = 17.9.34728.123
MinimumVisualStudioVersion = 10.0.40219.1
Project("{9A19103F-16F7-4668-BE54-9A1E7A4F7556}") = "FaeQOL", "FaeQOL.csproj", "{AEBD841C-C6DB-46AB-9DFE-5A46B36F6836}"
EndProject
Global
	GlobalSection(SolutionConfigurationPlatforms) = preSolution
		Debug|Any CPU = Debug|Any CPU
		Release|Any CPU = Release|Any CPU
	EndGlobalSection
	GlobalSection(ProjectConfigurationPlatforms) = postSolution
		{AEBD841C-C6DB-46AB-9DFE-5A46B36F6836}.Debug|Any CPU.ActiveCfg = Debug|Any CPU
		{AEBD841C-C6DB-46AB-9DFE-5A46B36F6836}.Debug|Any CPU.Build.0 = Debug|Any CPU
		{AEBD841C-C6DB-46AB-9DFE-5A46B36F6836}.Release|Any CPU.ActiveCfg = Release|Any CPU
		{AEBD841C-C6DB-46AB-9DFE-5A46B36F6836}.Release|Any CPU.Build.0 = Release|Any CPU
	EndGlobalSection
	GlobalSection(SolutionProperties) = preSolution
		HideSolutionNode = FALSE
	EndGlobalSection
	GlobalSection(ExtensibilityGlobals) = postSolution
		SolutionGuid = {D7C550E2-7386-4603-B8CC-C2C0B498BA32}
	EndGlobalSection
EndGlobal
